
Microsoft Visual Studio Solution File, Format Version 12.00
# Visual Studio Version 17
VisualStudioVersion = 17.11.35222.181
MinimumVisualStudioVersion = 10.0.40219.1
Project("{8BC9CEB8-8B4A-11D0-8D11-00A0C91BC942}") = "lab10.1A", "lab10.1A\lab10.1A.vcxproj", "{8325B099-F281-484E-B6C3-E96FD59FE584}"
EndProject
Project("{8BC9CEB8-8B4A-11D0-8D11-00A0C91BC942}") = "UnitTest1", "UnitTest1\UnitTest1.vcxproj", "{37413340-62CE-4836-BE94-089CD87F6A3E}"
EndProject
Global
	GlobalSection(SolutionConfigurationPlatforms) = preSolution
		Debug|x64 = Debug|x64
		Debug|x86 = Debug|x86
		Release|x64 = Release|x64
		Release|x86 = Release|x86
	EndGlobalSection
	GlobalSection(ProjectConfigurationPlatforms) = postSolution
		{8325B099-F281-484E-B6C3-E96FD59FE584}.Debug|x64.ActiveCfg = Debug|x64
		{8325B099-F281-484E-B6C3-E96FD59FE584}.Debug|x64.Build.0 = Debug|x64
		{8325B099-F281-484E-B6C3-E96FD59FE584}.Debug|x86.ActiveCfg = Debug|Win32
		{8325B099-F281-484E-B6C3-E96FD59FE584}.Debug|x86.Build.0 = Debug|Win32
		{8325B099-F281-484E-B6C3-E96FD59FE584}.Release|x64.ActiveCfg = Release|x64
		{8325B099-F281-484E-B6C3-E96FD59FE584}.Release|x64.Build.0 = Release|x64
		{8325B099-F281-484E-B6C3-E96FD59FE584}.Release|x86.ActiveCfg = Release|Win32
		{8325B099-F281-484E-B6C3-E96FD59FE584}.Release|x86.Build.0 = Release|Win32
		{37413340-62CE-4836-BE94-089CD87F6A3E}.Debug|x64.ActiveCfg = Debug|x64
		{37413340-62CE-4836-BE94-089CD87F6A3E}.Debug|x64.Build.0 = Debug|x64
		{37413340-62CE-4836-BE94-089CD87F6A3E}.Debug|x86.ActiveCfg = Debug|Win32
		{37413340-62CE-4836-BE94-089CD87F6A3E}.Debug|x86.Build.0 = Debug|Win32
		{37413340-62CE-4836-BE94-089CD87F6A3E}.Release|x64.ActiveCfg = Release|x64
		{37413340-62CE-4836-BE94-089CD87F6A3E}.Release|x64.Build.0 = Release|x64
		{37413340-62CE-4836-BE94-089CD87F6A3E}.Release|x86.ActiveCfg = Release|Win32
		{37413340-62CE-4836-BE94-089CD87F6A3E}.Release|x86.Build.0 = Release|Win32
	EndGlobalSection
	GlobalSection(SolutionProperties) = preSolution
		HideSolutionNode = FALSE
	EndGlobalSection
	GlobalSection(ExtensibilityGlobals) = postSolution
		SolutionGuid = {7F9FF298-80D0-4E2F-B137-A599070EAB0E}
	EndGlobalSection
EndGlobal
